
Microsoft Visual Studio Solution File, Format Version 12.00
# Visual Studio Version 17
VisualStudioVersion = 17.2.32526.322
MinimumVisualStudioVersion = 10.0.40219.1
Project("{9A19103F-16F7-4668-BE54-9A1E7A4F7556}") = "Iface.Utils", "Iface.Utils\Iface.Utils.csproj", "{7B2E9255-3898-4574-B2B7-686722AAC9FA}"
EndProject
Project("{9A19103F-16F7-4668-BE54-9A1E7A4F7556}") = "Iface.Utils.Avalonia", "Iface.Utils.Avalonia\Iface.Utils.Avalonia.csproj", "{A8E956AA-1704-4F9A-B86F-34D4CA4639E6}"
EndProject
Project("{9A19103F-16F7-4668-BE54-9A1E7A4F7556}") = "JohnTest", "JohnTest\JohnTest.csproj", "{056D13BB-910D-4EFF-B5C9-4023C045C894}"
EndProject
Global
	GlobalSection(SolutionConfigurationPlatforms) = preSolution
		Debug|Any CPU = Debug|Any CPU
		Release|Any CPU = Release|Any CPU
	EndGlobalSection
	GlobalSection(ProjectConfigurationPlatforms) = postSolution
		{7B2E9255-3898-4574-B2B7-686722AAC9FA}.Debug|Any CPU.ActiveCfg = Debug|Any CPU
		{7B2E9255-3898-4574-B2B7-686722AAC9FA}.Debug|Any CPU.Build.0 = Debug|Any CPU
		{7B2E9255-3898-4574-B2B7-686722AAC9FA}.Release|Any CPU.ActiveCfg = Release|Any CPU
		{7B2E9255-3898-4574-B2B7-686722AAC9FA}.Release|Any CPU.Build.0 = Release|Any CPU
		{A8E956AA-1704-4F9A-B86F-34D4CA4639E6}.Debug|Any CPU.ActiveCfg = Debug|Any CPU
		{A8E956AA-1704-4F9A-B86F-34D4CA4639E6}.Debug|Any CPU.Build.0 = Debug|Any CPU
		{A8E956AA-1704-4F9A-B86F-34D4CA4639E6}.Release|Any CPU.ActiveCfg = Release|Any CPU
		{A8E956AA-1704-4F9A-B86F-34D4CA4639E6}.Release|Any CPU.Build.0 = Release|Any CPU
		{056D13BB-910D-4EFF-B5C9-4023C045C894}.Debug|Any CPU.ActiveCfg = Debug|Any CPU
		{056D13BB-910D-4EFF-B5C9-4023C045C894}.Debug|Any CPU.Build.0 = Debug|Any CPU
		{056D13BB-910D-4EFF-B5C9-4023C045C894}.Release|Any CPU.ActiveCfg = Release|Any CPU
		{056D13BB-910D-4EFF-B5C9-4023C045C894}.Release|Any CPU.Build.0 = Release|Any CPU
	EndGlobalSection
	GlobalSection(SolutionProperties) = preSolution
		HideSolutionNode = FALSE
	EndGlobalSection
	GlobalSection(ExtensibilityGlobals) = postSolution
		SolutionGuid = {95EB139F-C712-442C-B836-A59A9D9C3342}
	EndGlobalSection
EndGlobal
